
Microsoft Visual Studio Solution File, Format Version 12.00
# Visual Studio Version 17
VisualStudioVersion = 17.13.35919.96
MinimumVisualStudioVersion = 10.0.40219.1
Project("{FAE04EC0-301F-11D3-BF4B-00C04F79EFBC}") = "DungeonsOfDoom", "DungeonsOfDoom\DungeonsOfDoom.csproj", "{5BDBC626-8907-425F-85AA-88928DC55EBF}"
EndProject
Project("{FAE04EC0-301F-11D3-BF4B-00C04F79EFBC}") = "DungeonsOfDoom.Core", "DungeonsOfDoom.Core\DungeonsOfDoom.Core.csproj", "{E98E05AE-B9AB-4E66-B14D-34E1DBC99656}"
EndProject
Project("{FAE04EC0-301F-11D3-BF4B-00C04F79EFBC}") = "Utils", "Utils\Utils.csproj", "{B3B56956-B855-48FB-AC45-69E8F776FE29}"
EndProject
Global
	GlobalSection(SolutionConfigurationPlatforms) = preSolution
		Debug|Any CPU = Debug|Any CPU
		Debug|x64 = Debug|x64
		Debug|x86 = Debug|x86
		Release|Any CPU = Release|Any CPU
		Release|x64 = Release|x64
		Release|x86 = Release|x86
	EndGlobalSection
	GlobalSection(ProjectConfigurationPlatforms) = postSolution
		{5BDBC626-8907-425F-85AA-88928DC55EBF}.Debug|Any CPU.ActiveCfg = Debug|Any CPU
		{5BDBC626-8907-425F-85AA-88928DC55EBF}.Debug|Any CPU.Build.0 = Debug|Any CPU
		{5BDBC626-8907-425F-85AA-88928DC55EBF}.Debug|x64.ActiveCfg = Debug|Any CPU
		{5BDBC626-8907-425F-85AA-88928DC55EBF}.Debug|x64.Build.0 = Debug|Any CPU
		{5BDBC626-8907-425F-85AA-88928DC55EBF}.Debug|x86.ActiveCfg = Debug|Any CPU
		{5BDBC626-8907-425F-85AA-88928DC55EBF}.Debug|x86.Build.0 = Debug|Any CPU
		{5BDBC626-8907-425F-85AA-88928DC55EBF}.Release|Any CPU.ActiveCfg = Release|Any CPU
		{5BDBC626-8907-425F-85AA-88928DC55EBF}.Release|Any CPU.Build.0 = Release|Any CPU
		{5BDBC626-8907-425F-85AA-88928DC55EBF}.Release|x64.ActiveCfg = Release|Any CPU
		{5BDBC626-8907-425F-85AA-88928DC55EBF}.Release|x64.Build.0 = Release|Any CPU
		{5BDBC626-8907-425F-85AA-88928DC55EBF}.Release|x86.ActiveCfg = Release|Any CPU
		{5BDBC626-8907-425F-85AA-88928DC55EBF}.Release|x86.Build.0 = Release|Any CPU
		{E98E05AE-B9AB-4E66-B14D-34E1DBC99656}.Debug|Any CPU.ActiveCfg = Debug|Any CPU
		{E98E05AE-B9AB-4E66-B14D-34E1DBC99656}.Debug|Any CPU.Build.0 = Debug|Any CPU
		{E98E05AE-B9AB-4E66-B14D-34E1DBC99656}.Debug|x64.ActiveCfg = Debug|Any CPU
		{E98E05AE-B9AB-4E66-B14D-34E1DBC99656}.Debug|x64.Build.0 = Debug|Any CPU
		{E98E05AE-B9AB-4E66-B14D-34E1DBC99656}.Debug|x86.ActiveCfg = Debug|Any CPU
		{E98E05AE-B9AB-4E66-B14D-34E1DBC99656}.Debug|x86.Build.0 = Debug|Any CPU
		{E98E05AE-B9AB-4E66-B14D-34E1DBC99656}.Release|Any CPU.ActiveCfg = Release|Any CPU
		{E98E05AE-B9AB-4E66-B14D-34E1DBC99656}.Release|Any CPU.Build.0 = Release|Any CPU
		{E98E05AE-B9AB-4E66-B14D-34E1DBC99656}.Release|x64.ActiveCfg = Release|Any CPU
		{E98E05AE-B9AB-4E66-B14D-34E1DBC99656}.Release|x64.Build.0 = Release|Any CPU
		{E98E05AE-B9AB-4E66-B14D-34E1DBC99656}.Release|x86.ActiveCfg = Release|Any CPU
		{E98E05AE-B9AB-4E66-B14D-34E1DBC99656}.Release|x86.Build.0 = Release|Any CPU
		{6DCCF2F5-C187-46C5-9BD4-A0DDC02A8AC0}.Debug|Any CPU.ActiveCfg = Debug|Any CPU
		{6DCCF2F5-C187-46C5-9BD4-A0DDC02A8AC0}.Debug|Any CPU.Build.0 = Debug|Any CPU
		{6DCCF2F5-C187-46C5-9BD4-A0DDC02A8AC0}.Debug|x64.ActiveCfg = Debug|Any CPU
		{6DCCF2F5-C187-46C5-9BD4-A0DDC02A8AC0}.Debug|x64.Build.0 = Debug|Any CPU
		{6DCCF2F5-C187-46C5-9BD4-A0DDC02A8AC0}.Debug|x86.ActiveCfg = Debug|Any CPU
		{6DCCF2F5-C187-46C5-9BD4-A0DDC02A8AC0}.Debug|x86.Build.0 = Debug|Any CPU
		{6DCCF2F5-C187-46C5-9BD4-A0DDC02A8AC0}.Release|Any CPU.ActiveCfg = Release|Any CPU
		{6DCCF2F5-C187-46C5-9BD4-A0DDC02A8AC0}.Release|Any CPU.Build.0 = Release|Any CPU
		{6DCCF2F5-C187-46C5-9BD4-A0DDC02A8AC0}.Release|x64.ActiveCfg = Release|Any CPU
		{6DCCF2F5-C187-46C5-9BD4-A0DDC02A8AC0}.Release|x64.Build.0 = Release|Any CPU
		{6DCCF2F5-C187-46C5-9BD4-A0DDC02A8AC0}.Release|x86.ActiveCfg = Release|Any CPU
		{6DCCF2F5-C187-46C5-9BD4-A0DDC02A8AC0}.Release|x86.Build.0 = Release|Any CPU
		{B3B56956-B855-48FB-AC45-69E8F776FE29}.Debug|Any CPU.ActiveCfg = Debug|Any CPU
		{B3B56956-B855-48FB-AC45-69E8F776FE29}.Debug|Any CPU.Build.0 = Debug|Any CPU
		{B3B56956-B855-48FB-AC45-69E8F776FE29}.Debug|x64.ActiveCfg = Debug|Any CPU
		{B3B56956-B855-48FB-AC45-69E8F776FE29}.Debug|x64.Build.0 = Debug|Any CPU
		{B3B56956-B855-48FB-AC45-69E8F776FE29}.Debug|x86.ActiveCfg = Debug|Any CPU
		{B3B56956-B855-48FB-AC45-69E8F776FE29}.Debug|x86.Build.0 = Debug|Any CPU
		{B3B56956-B855-48FB-AC45-69E8F776FE29}.Release|Any CPU.ActiveCfg = Release|Any CPU
		{B3B56956-B855-48FB-AC45-69E8F776FE29}.Release|Any CPU.Build.0 = Release|Any CPU
		{B3B56956-B855-48FB-AC45-69E8F776FE29}.Release|x64.ActiveCfg = Release|Any CPU
		{B3B56956-B855-48FB-AC45-69E8F776FE29}.Release|x64.Build.0 = Release|Any CPU
		{B3B56956-B855-48FB-AC45-69E8F776FE29}.Release|x86.ActiveCfg = Release|Any CPU
		{B3B56956-B855-48FB-AC45-69E8F776FE29}.Release|x86.Build.0 = Release|Any CPU
	EndGlobalSection
	GlobalSection(SolutionProperties) = preSolution
		HideSolutionNode = FALSE
	EndGlobalSection
	GlobalSection(ExtensibilityGlobals) = postSolution
		SolutionGuid = {9A6B5232-2864-4BE0-A145-964965D3CBC4}
	EndGlobalSection
EndGlobal
